<?xml version="1.0" encoding="utf-8"?>
<Project ToolsVersion="4.0" xmlns="http://schemas.microsoft.com/developer/msbuild/2003">
  <ItemGroup>
    <Filter Include="源文件">
      <UniqueIdentifier>{4FC737F1-C7A5-4376-A066-2A32D752A2FF}</UniqueIdentifier>
      <Extensions>cpp;c;cc;cxx;c++;cppm;ixx;def;odl;idl;hpj;bat;asm;asmx</Extensions>
    </Filter>
    <Filter Include="头文件">
      <UniqueIdentifier>{93995380-89BD-4b04-88EB-625FBE52EBFB}</UniqueIdentifier>
      <Extensions>h;hh;hpp;hxx;h++;hm;inl;inc;ipp;xsd</Extensions>
    </Filter>
    <Filter Include="资源文件">
      <UniqueIdentifier>{67DA6AB6-F800-4c08-8B7A-83BB121AAD01}</UniqueIdentifier>
      <Extensions>rc;ico;cur;bmp;dlg;rc2;rct;bin;rgs;gif;jpg;jpeg;jpe;resx;tiff;tif;png;wav;mfcribbon-ms</Extensions>
    </Filter>
    <Filter Include="头文件\Model">
      <UniqueIdentifier>{a199a5e5-944c-460a-9ace-5765a42c1aff}</UniqueIdentifier>
    </Filter>
    <Filter Include="头文件\Service">
      <UniqueIdentifier>{90dc10f3-9a1f-44c9-b33d-9f11314dfe4c}</UniqueIdentifier>
    </Filter>
    <Filter Include="源文件\Model">
      <UniqueIdentifier>{4c4c347a-450e-43a3-a1b4-c4cc6ae1e2f5}</UniqueIdentifier>
    </Filter>
    <Filter Include="源文件\Service">
      <UniqueIdentifier>{57a8d3fb-cc5c-4eba-b9fc-e71a05861b75}</UniqueIdentifier>
    </Filter>
    <Filter Include="源文件\Export">
      <UniqueIdentifier>{9ec51267-025d-497a-a06d-2ecdebacb21f}</UniqueIdentifier>
    </Filter>
    <Filter Include="头文件\Export">
      <UniqueIdentifier>{8655acd4-46f7-4760-be5d-0e506370c951}</UniqueIdentifier>
    </Filter>
  </ItemGroup>
  <ItemGroup>
    <ClInclude Include="Point.h">
      <Filter>头文件\Model</Filter>
    </ClInclude>
    <ClInclude Include="ContinueLine.h">
      <Filter>头文件\Model</Filter>
    </ClInclude>
    <ClInclude Include="PointQueue.h">
      <Filter>头文件\Model</Filter>
    </ClInclude>
    <ClInclude Include="SafeArray.h">
      <Filter>头文件\Model</Filter>
    </ClInclude>
    <ClInclude Include="SafeArrayReturnBlank.h">
      <Filter>头文件\Model</Filter>
    </ClInclude>
    <ClInclude Include="Vector.h">
      <Filter>头文件\Model</Filter>
    </ClInclude>
    <ClInclude Include="SortEdgePoint.h">
      <Filter>头文件\Service</Filter>
    </ClInclude>
    <ClInclude Include="Defines.h">
      <Filter>头文件\Model</Filter>
    </ClInclude>
    <ClInclude Include="EndpointList.h">
      <Filter>头文件\Model</Filter>
    </ClInclude>
    <ClInclude Include="ArrangeSamples.h">
      <Filter>头文件\Service</Filter>
    </ClInclude>
    <ClInclude Include="GaussianBlur.h">
      <Filter>头文件\Service</Filter>
    </ClInclude>
    <ClInclude Include="NonMaximumInhibit.h">
      <Filter>头文件\Service</Filter>
    </ClInclude>
    <ClInclude Include="PostProcess.h">
      <Filter>头文件\Service</Filter>
    </ClInclude>
    <ClInclude Include="WaveGenerate.h">
      <Filter>头文件\Export</Filter>
    </ClInclude>
    <ClInclude Include="EdgeDetection.h">
      <Filter>头文件\Export</Filter>
    </ClInclude>
    <ClInclude Include="ImageSample.h">
      <Filter>头文件\Service</Filter>
    </ClInclude>
    <ClInclude Include="StandardOutputArray.h">
      <Filter>头文件\Service</Filter>
    </ClInclude>
  </ItemGroup>
  <ItemGroup>
    <ClCompile Include="Vector.c">
      <Filter>源文件\Model</Filter>
    </ClCompile>
    <ClCompile Include="SortEdgePoint.c">
      <Filter>源文件\Service</Filter>
    </ClCompile>
    <ClCompile Include="ArrangeSamples.c">
      <Filter>源文件\Service</Filter>
    </ClCompile>
    <ClCompile Include="GaussianBlur.c">
      <Filter>源文件\Service</Filter>
    </ClCompile>
    <ClCompile Include="NonMaximumInhibit.c">
      <Filter>源文件\Service</Filter>
    </ClCompile>
    <ClCompile Include="PostProcess.c">
      <Filter>源文件\Service</Filter>
    </ClCompile>
    <ClCompile Include="WaveGenerate.c">
      <Filter>源文件\Export</Filter>
    </ClCompile>
    <ClCompile Include="EdgeDetaction.c">
      <Filter>源文件\Export</Filter>
    </ClCompile>
    <ClCompile Include="ImageSample.c">
      <Filter>源文件\Service</Filter>
    </ClCompile>
    <ClCompile Include="StandardOutputArray.c">
      <Filter>源文件\Service</Filter>
    </ClCompile>
  </ItemGroup>
  <ItemGroup>
    <None Include="cpp.hint" />
  </ItemGroup>
</Project>